
Microsoft Visual Studio Solution File, Format Version 12.00
# Visual Studio Version 16
VisualStudioVersion = 16.0.32510.428
MinimumVisualStudioVersion = 10.0.40219.1
Project("{FAE04EC0-301F-11D3-BF4B-00C04F79EFBC}") = "push-notification", "push-notification\push-notification.csproj", "{44817B2D-83CE-4D79-95BE-65B4E7A19175}"
EndProject
Global
	GlobalSection(SolutionConfigurationPlatforms) = preSolution
		Debug|Any CPU = Debug|Any CPU
		Release|Any CPU = Release|Any CPU
	EndGlobalSection
	GlobalSection(ProjectConfigurationPlatforms) = postSolution
		{44817B2D-83CE-4D79-95BE-65B4E7A19175}.Debug|Any CPU.ActiveCfg = Debug|Any CPU
		{44817B2D-83CE-4D79-95BE-65B4E7A19175}.Debug|Any CPU.Build.0 = Debug|Any CPU
		{44817B2D-83CE-4D79-95BE-65B4E7A19175}.Release|Any CPU.ActiveCfg = Release|Any CPU
		{44817B2D-83CE-4D79-95BE-65B4E7A19175}.Release|Any CPU.Build.0 = Release|Any CPU
	EndGlobalSection
	GlobalSection(SolutionProperties) = preSolution
		HideSolutionNode = FALSE
	EndGlobalSection
	GlobalSection(ExtensibilityGlobals) = postSolution
		SolutionGuid = {AFBCC0B8-E980-49D9-96E8-223C943936B0}
	EndGlobalSection
EndGlobal
